
Microsoft Visual Studio Solution File, Format Version 12.00
# Visual Studio 14
VisualStudioVersion = 14.0.23107.0
MinimumVisualStudioVersion = 10.0.40219.1
Project("{FAE04EC0-301F-11D3-BF4B-00C04F79EFBC}") = "RavenDb.DDD.Core", "RavenDb.DDD.Core\RavenDb.DDD.Core.csproj", "{A5CAC2DB-06F6-41B9-9D10-7C053DE5496E}"
EndProject
Project("{FAE04EC0-301F-11D3-BF4B-00C04F79EFBC}") = "RavenDb.DDD.Core.Tests", "RavenDb.DDD.Core.Tests\RavenDb.DDD.Core.Tests.csproj", "{AD831865-A211-40A9-9D90-AE9D663B7770}"
EndProject
Global
	GlobalSection(SolutionConfigurationPlatforms) = preSolution
		Debug|Any CPU = Debug|Any CPU
		Release|Any CPU = Release|Any CPU
	EndGlobalSection
	GlobalSection(ProjectConfigurationPlatforms) = postSolution
		{A5CAC2DB-06F6-41B9-9D10-7C053DE5496E}.Debug|Any CPU.ActiveCfg = Debug|Any CPU
		{A5CAC2DB-06F6-41B9-9D10-7C053DE5496E}.Debug|Any CPU.Build.0 = Debug|Any CPU
		{A5CAC2DB-06F6-41B9-9D10-7C053DE5496E}.Release|Any CPU.ActiveCfg = Release|Any CPU
		{A5CAC2DB-06F6-41B9-9D10-7C053DE5496E}.Release|Any CPU.Build.0 = Release|Any CPU
		{AD831865-A211-40A9-9D90-AE9D663B7770}.Debug|Any CPU.ActiveCfg = Debug|Any CPU
		{AD831865-A211-40A9-9D90-AE9D663B7770}.Debug|Any CPU.Build.0 = Debug|Any CPU
		{AD831865-A211-40A9-9D90-AE9D663B7770}.Release|Any CPU.ActiveCfg = Release|Any CPU
		{AD831865-A211-40A9-9D90-AE9D663B7770}.Release|Any CPU.Build.0 = Release|Any CPU
	EndGlobalSection
	GlobalSection(SolutionProperties) = preSolution
		HideSolutionNode = FALSE
	EndGlobalSection
EndGlobal
